
Microsoft Visual Studio Solution File, Format Version 12.00
# Visual Studio Version 17
VisualStudioVersion = 17.8.34525.116
MinimumVisualStudioVersion = 10.0.40219.1
Project("{FAE04EC0-301F-11D3-BF4B-00C04F79EFBC}") = "deel1", "deel1\deel1.csproj", "{11EA7083-676C-40EA-9788-812645DCAC7D}"
EndProject
Global
	GlobalSection(SolutionConfigurationPlatforms) = preSolution
		Debug|Any CPU = Debug|Any CPU
		Release|Any CPU = Release|Any CPU
	EndGlobalSection
	GlobalSection(ProjectConfigurationPlatforms) = postSolution
		{11EA7083-676C-40EA-9788-812645DCAC7D}.Debug|Any CPU.ActiveCfg = Debug|Any CPU
		{11EA7083-676C-40EA-9788-812645DCAC7D}.Debug|Any CPU.Build.0 = Debug|Any CPU
		{11EA7083-676C-40EA-9788-812645DCAC7D}.Release|Any CPU.ActiveCfg = Release|Any CPU
		{11EA7083-676C-40EA-9788-812645DCAC7D}.Release|Any CPU.Build.0 = Release|Any CPU
	EndGlobalSection
	GlobalSection(SolutionProperties) = preSolution
		HideSolutionNode = FALSE
	EndGlobalSection
	GlobalSection(ExtensibilityGlobals) = postSolution
		SolutionGuid = {E616B56A-3140-46B4-B626-7989FB8C07C7}
	EndGlobalSection
EndGlobal
